PODS:
  - f_web_view (0.0.1):
    - Flutter
  - Flutter (1.0.0)

DEPENDENCIES:
  - f_web_view (from `.symlinks/plugins/f_web_view/ios`)
  - Flutter (from `Flutter`)

EXTERNAL SOURCES:
  f_web_view:
    :path: ".symlinks/plugins/f_web_view/ios"
  Flutter:
    :path: Flutter

SPEC CHECKSUMS:
  f_web_view: d347da7dc4748905c2a3d9c0833af13abd3ed27b
  Flutter: 0e3d915762c693b495b44d77113d4970485de6ec

PODFILE CHECKSUM: a75497545d4391e2d394c3668e20cfb1c2bbd4aa

COCOAPODS: 1.10.0
